{
  "version": 4,
  "terraform_version": "0.12.24",
  "serial": 6,
  "lineage": "10f461ff-aaa1-d3b0-12be-feb10447e0ab",
  "outputs": {},
  "resources": [
    {
      "mode": "managed",
      "type": "azurerm_app_service",
      "name": "teamcity_server_app",
      "provider": "provider.azurerm",
      "instances": []
    },
    {
      "mode": "managed",
      "type": "azurerm_resource_group",
      "name": "teamcity_rg",
      "provider": "provider.azurerm",
      "instances": [
        {
          "schema_version": 0,
          "attributes": {
            "id": "/subscriptions/82e0a464-1f1d-4537-b4b5-b3299d5677a2/resourceGroups/dmteamcity",
            "location": "eastus",
            "name": "dmteamcity",
            "tags": {},
            "timeouts": null
          },
          "private": "eyJlMmJmYjczMC1lY2FhLTExZTYtOGY4OC0zNDM2M2JjN2M0YzAiOnsiY3JlYXRlIjo1NDAwMDAwMDAwMDAwLCJkZWxldGUiOjU0MDAwMDAwMDAwMDAsInJlYWQiOjMwMDAwMDAwMDAwMCwidXBkYXRlIjo1NDAwMDAwMDAwMDAwfX0="
        }
      ]
    },
    {
      "mode": "managed",
      "type": "azurerm_storage_account",
      "name": "teamcity_sa",
      "provider": "provider.azurerm",
      "instances": [
        {
          "schema_version": 2,
          "attributes": {
            "access_tier": "Hot",
            "account_kind": "StorageV2",
            "account_replication_type": "LRS",
            "account_tier": "Standard",
            "blob_properties": [],
            "custom_domain": [],
            "enable_https_traffic_only": true,
            "id": "/subscriptions/82e0a464-1f1d-4537-b4b5-b3299d5677a2/resourceGroups/dmteamcity/providers/Microsoft.Storage/storageAccounts/teamcitydatasa",
            "identity": [],
            "is_hns_enabled": false,
            "location": "eastus",
            "name": "teamcitydatasa",
            "network_rules": [
              {
                "bypass": [
                  "AzureServices"
                ],
                "default_action": "Allow",
                "ip_rules": [],
                "virtual_network_subnet_ids": []
              }
            ],
            "primary_access_key": "10t8QP8qY1r6sWp+YHcIUdug+D2OBf7/sgWAaB60bRSKqvo7PJTTfrQLhTlWQ3qxxff/LtZVqLgF7pDuou2P7w==",
            "primary_blob_connection_string": "DefaultEndpointsProtocol=https;BlobEndpoint=https://teamcitydatasa.blob.core.windows.net/;AccountName=teamcitydatasa;AccountKey=10t8QP8qY1r6sWp+YHcIUdug+D2OBf7/sgWAaB60bRSKqvo7PJTTfrQLhTlWQ3qxxff/LtZVqLgF7pDuou2P7w==",
            "primary_blob_endpoint": "https://teamcitydatasa.blob.core.windows.net/",
            "primary_blob_host": "teamcitydatasa.blob.core.windows.net",
            "primary_connection_string": "DefaultEndpointsProtocol=https;AccountName=teamcitydatasa;AccountKey=10t8QP8qY1r6sWp+YHcIUdug+D2OBf7/sgWAaB60bRSKqvo7PJTTfrQLhTlWQ3qxxff/LtZVqLgF7pDuou2P7w==;EndpointSuffix=core.windows.net",
            "primary_dfs_endpoint": "https://teamcitydatasa.dfs.core.windows.net/",
            "primary_dfs_host": "teamcitydatasa.dfs.core.windows.net",
            "primary_file_endpoint": "https://teamcitydatasa.file.core.windows.net/",
            "primary_file_host": "teamcitydatasa.file.core.windows.net",
            "primary_location": "eastus",
            "primary_queue_endpoint": "https://teamcitydatasa.queue.core.windows.net/",
            "primary_queue_host": "teamcitydatasa.queue.core.windows.net",
            "primary_table_endpoint": "https://teamcitydatasa.table.core.windows.net/",
            "primary_table_host": "teamcitydatasa.table.core.windows.net",
            "primary_web_endpoint": "https://teamcitydatasa.z13.web.core.windows.net/",
            "primary_web_host": "teamcitydatasa.z13.web.core.windows.net",
            "queue_properties": [
              {
                "cors_rule": [],
                "hour_metrics": [
                  {
                    "enabled": true,
                    "include_apis": true,
                    "retention_policy_days": 7,
                    "version": "1.0"
                  }
                ],
                "logging": [
                  {
                    "delete": false,
                    "read": false,
                    "retention_policy_days": 0,
                    "version": "1.0",
                    "write": false
                  }
                ],
                "minute_metrics": [
                  {
                    "enabled": false,
                    "include_apis": false,
                    "retention_policy_days": 0,
                    "version": "1.0"
                  }
                ]
              }
            ],
            "resource_group_name": "dmteamcity",
            "secondary_access_key": "zkaqIQYRRGpmPeorVJP9E+00LJ0PSf5zYUhK79ObeztkGVMaCITJnImbqcjYHlB5x740Ra/nxLQm0CKzrMndAQ==",
            "secondary_blob_connection_string": "",
            "secondary_blob_endpoint": null,
            "secondary_blob_host": null,
            "secondary_connection_string": "DefaultEndpointsProtocol=https;AccountName=teamcitydatasa;AccountKey=zkaqIQYRRGpmPeorVJP9E+00LJ0PSf5zYUhK79ObeztkGVMaCITJnImbqcjYHlB5x740Ra/nxLQm0CKzrMndAQ==;EndpointSuffix=core.windows.net",
            "secondary_dfs_endpoint": null,
            "secondary_dfs_host": null,
            "secondary_file_endpoint": null,
            "secondary_file_host": null,
            "secondary_location": "",
            "secondary_queue_endpoint": null,
            "secondary_queue_host": null,
            "secondary_table_endpoint": null,
            "secondary_table_host": null,
            "secondary_web_endpoint": null,
            "secondary_web_host": null,
            "static_website": [],
            "tags": {},
            "timeouts": null
          },
          "private": "eyJlMmJmYjczMC1lY2FhLTExZTYtOGY4OC0zNDM2M2JjN2M0YzAiOnsiY3JlYXRlIjozNjAwMDAwMDAwMDAwLCJkZWxldGUiOjM2MDAwMDAwMDAwMDAsInJlYWQiOjMwMDAwMDAwMDAwMCwidXBkYXRlIjozNjAwMDAwMDAwMDAwfSwic2NoZW1hX3ZlcnNpb24iOiIyIn0=",
          "dependencies": [
            "azurerm_resource_group.teamcity_rg"
          ]
        }
      ]
    },
    {
      "mode": "managed",
      "type": "azurerm_storage_share",
      "name": "teamcity_data",
      "provider": "provider.azurerm",
      "instances": [
        {
          "schema_version": 2,
          "attributes": {
            "acl": [],
            "id": "https://teamcitydatasa.file.core.windows.net/teamcitydata",
            "metadata": {},
            "name": "teamcitydata",
            "quota": 5120,
            "resource_manager_id": "/subscriptions/82e0a464-1f1d-4537-b4b5-b3299d5677a2/resourceGroups/dmteamcity/providers/Microsoft.Storage/storageAccounts/teamcitydatasa/fileServices/default/shares/teamcitydata",
            "storage_account_name": "teamcitydatasa",
            "timeouts": null,
            "url": "https://teamcitydatasa.file.core.windows.net/teamcitydata"
          },
          "private": "eyJlMmJmYjczMC1lY2FhLTExZTYtOGY4OC0zNDM2M2JjN2M0YzAiOnsiY3JlYXRlIjoxODAwMDAwMDAwMDAwLCJkZWxldGUiOjE4MDAwMDAwMDAwMDAsInJlYWQiOjMwMDAwMDAwMDAwMCwidXBkYXRlIjoxODAwMDAwMDAwMDAwfSwic2NoZW1hX3ZlcnNpb24iOiIyIn0=",
          "dependencies": [
            "azurerm_resource_group.teamcity_rg",
            "azurerm_storage_account.teamcity_sa"
          ]
        }
      ]
    }
  ]
}
